
Microsoft Visual Studio Solution File, Format Version 12.00
# Visual Studio 15
VisualStudioVersion = 15.0.28307.1000
MinimumVisualStudioVersion = 10.0.40219.1
Project("{E24C65DC-7377-472B-9ABA-BC803B73C61A}") = "CforCWeb", "CforCWeb\", "{33D23DFF-ED1F-4484-B0FF-AB45B5BAD876}"
	ProjectSection(WebsiteProperties) = preProject
		TargetFrameworkMoniker = ".NETFramework,Version%3Dv4.6.2"
		Debug.AspNetCompiler.VirtualPath = "/localhost_56314"
		Debug.AspNetCompiler.PhysicalPath = "CforCWeb\"
		Debug.AspNetCompiler.TargetPath = "PrecompiledWeb\localhost_56314\"
		Debug.AspNetCompiler.Updateable = "true"
		Debug.AspNetCompiler.ForceOverwrite = "true"
		Debug.AspNetCompiler.FixedNames = "false"
		Debug.AspNetCompiler.Debug = "True"
		Release.AspNetCompiler.VirtualPath = "/localhost_56314"
		Release.AspNetCompiler.PhysicalPath = "CforCWeb\"
		Release.AspNetCompiler.TargetPath = "PrecompiledWeb\localhost_56314\"
		Release.AspNetCompiler.Updateable = "true"
		Release.AspNetCompiler.ForceOverwrite = "true"
		Release.AspNetCompiler.FixedNames = "false"
		Release.AspNetCompiler.Debug = "False"
		VWDPort = "56314"
		SlnRelativePath = "CforCWeb\"
		DefaultWebSiteLanguage = "Visual C#"
	EndProjectSection
EndProject
Global
	GlobalSection(SolutionConfigurationPlatforms) = preSolution
		Debug|Any CPU = Debug|Any CPU
	EndGlobalSection
	GlobalSection(ProjectConfigurationPlatforms) = postSolution
		{33D23DFF-ED1F-4484-B0FF-AB45B5BAD876}.Debug|Any CPU.ActiveCfg = Debug|Any CPU
		{33D23DFF-ED1F-4484-B0FF-AB45B5BAD876}.Debug|Any CPU.Build.0 = Debug|Any CPU
	EndGlobalSection
	GlobalSection(SolutionProperties) = preSolution
		HideSolutionNode = FALSE
	EndGlobalSection
	GlobalSection(ExtensibilityGlobals) = postSolution
		SolutionGuid = {77385DB0-8160-43F4-891F-DF43994D4804}
	EndGlobalSection
EndGlobal
